{
  "name": "Testing",
  "lockfileVersion": 3,
  "requires": true,
  "packages": {
    "": {
      "dependencies": {
        "canvas-confetti": "^1.6.0"
      },
      "devDependencies": {
        "@types/canvas-confetti": "^1.6.2"
      }
    },
    "node_modules/@types/canvas-confetti": {
      "version": "1.6.2",
      "resolved": "https://registry.npmjs.org/@types/canvas-confetti/-/canvas-confetti-1.6.2.tgz",
      "integrity": "sha512-ozy7d+7AmYnPEgzdGwwAIA0/yLHnT9YBUQAOm5Ucu+P2ptxq2P464SZDVzYp71wD10ZPYckyeC665bPxQM78kw==",
      "dev": true
    },
    "node_modules/canvas-confetti": {
      "version": "1.6.0",
      "resolved": "https://registry.npmjs.org/canvas-confetti/-/canvas-confetti-1.6.0.tgz",
      "integrity": "sha512-ej+w/m8Jzpv9Z7W7uJZer14Ke8P2ogsjg4ZMGIuq4iqUOqY2Jq8BNW42iGmNfRwREaaEfFIczLuZZiEVSYNHAA==",
      "funding": {
        "type": "donate",
        "url": "https://www.paypal.me/kirilvatev"
      }
    }
  }
}
