{
  "name": "Testing",
  "lockfileVersion": 3,
  "requires": true,
  "packages": {
    "": {
      "dependencies": {
        "@inrixia/lib": "../_lib",
        "imageinfo": "^1.0.4"
      }
    },
    "../_lib": {
      "name": "@inrixia/lib",
      "dependencies": {
        "idb": "^8.0.0",
        "music-metadata": "^7.14.0"
      }
    },
    "node_modules/@inrixia/lib": {
      "resolved": "../_lib",
      "link": true
    },
    "node_modules/imageinfo": {
      "version": "1.0.4",
      "resolved": "https://registry.npmjs.org/imageinfo/-/imageinfo-1.0.4.tgz",
      "integrity": "sha512-BJml4q/QCO2187F4UcO/b6hTYIhbq4nnd1XNs65jyCED9em4m6XmeGWDxjewjfJoC7VJABhOdmqb64KA24rLZw==",
      "engines": {
        "node": ">=0.4"
      }
    }
  }
}
