lockfileVersion: '6.1'

settings:
  autoInstallPeers: true
  excludeLinksFromLockfile: false

dependencies:
  canvas-confetti:
    specifier: ^1.6.0
    version: 1.6.0

packages:

  /canvas-confetti@1.6.0:
    resolution: {integrity: sha512-ej+w/m8Jzpv9Z7W7uJZer14Ke8P2ogsjg4ZMGIuq4iqUOqY2Jq8BNW42iGmNfRwREaaEfFIczLuZZiEVSYNHAA==}
    dev: false
