{
  "name": "Shazam",
  "lockfileVersion": 3,
  "requires": true,
  "packages": {
    "": {
      "hasInstallScript": true,
      "dependencies": {
        "@inrixia/lib": "../_lib",
        "shazamio-core": "^1.3.1",
        "uuid": "^10.0.0"
      },
      "devDependencies": {
        "@types/uuid": "^9.0.8"
      }
    },
    "../_lib": {
      "name": "@inrixia/lib",
      "dependencies": {
        "idb": "^8.0.0",
        "music-metadata": "^7.14.0"
      }
    },
    "node_modules/@inrixia/lib": {
      "resolved": "../_lib",
      "link": true
    },
    "node_modules/@types/uuid": {
      "version": "9.0.8",
      "resolved": "https://registry.npmjs.org/@types/uuid/-/uuid-9.0.8.tgz",
      "integrity": "sha512-jg+97EGIcY9AGHJJRaaPVgetKDsrTgbRjQ5Msgjh/DQKEFl0DtyRr/VCOyD1T2R1MNeWPK/u7JoGhlDZnKBAfA==",
      "dev": true,
      "license": "MIT"
    },
    "node_modules/shazamio-core": {
      "version": "1.3.1",
      "resolved": "https://registry.npmjs.org/shazamio-core/-/shazamio-core-1.3.1.tgz",
      "integrity": "sha512-wzYxaL+Tzj4hv5UO1kCbJSjnL02rfcPqxtklf2vg1ykwE1U/FXpB83SRTS4/0OU2uTcVcvQN+xTqzwZQl4CIMg=="
    },
    "node_modules/uuid": {
      "version": "10.0.0",
      "resolved": "https://registry.npmjs.org/uuid/-/uuid-10.0.0.tgz",
      "integrity": "sha512-8XkAphELsDnEGrDxUOHB3RGvXz6TeuYSGEZBOjtTtPm2lwhGBjLgOzLHB63IUWfBpNucQjND6d3AOudO+H3RWQ==",
      "funding": [
        "https://github.com/sponsors/broofa",
        "https://github.com/sponsors/ctavan"
      ],
      "license": "MIT",
      "bin": {
        "uuid": "dist/bin/uuid"
      }
    }
  }
}
