{
  "name": "Shazam",
  "lockfileVersion": 3,
  "requires": true,
  "packages": {
    "": {
      "hasInstallScript": true,
      "dependencies": {
        "shazamio-core": "^1.3.0"
      }
    },
    "node_modules/shazamio-core": {
      "version": "1.3.0",
      "resolved": "https://registry.npmjs.org/shazamio-core/-/shazamio-core-1.3.0.tgz",
      "integrity": "sha512-RxKLl9hRERzu5/VYKgj/0T7A775M6QCS+zqjPKl6/6plc8y1623Rv+GzJ/cUERQ95wbXFBfVRnYq4CuJMRRHIg=="
    }
  }
}
