{
	"name": "DiscordRPC",
	"lockfileVersion": 3,
	"requires": true,
	"packages": {
		"": {
			"dependencies": {
				"@inrixia/lib": "../_lib"
			}
		},
		"../_lib": {
			"name": "@inrixia/lib",
			"dependencies": {
				"flac-stream-tagger": "^1.0.9",
				"idb": "^8.0.0",
				"music-metadata": "^7.14.0"
			}
		},
		"node_modules/@inrixia/lib": {
			"resolved": "../_lib",
			"link": true
		}
	}
}
